lockfileVersion: '9.0'

settings:
  autoInstallPeers: true
  excludeLinksFromLockfile: false

importers:

  .:
    dependencies:
      '@connectrpc/connect':
        specifier: 2.1.1
        version: 2.1.1(@bufbuild/protobuf@2.12.0)
      jwt-decode:
        specifier: ^4.0.0
        version: 4.0.0
    devDependencies:
      typescript:
        specifier: 6.0.3
        version: 6.0.3

packages:

  '@bufbuild/protobuf@2.12.0':
    resolution: {integrity: sha512-B/XlCaFIP8LOwzo+bz5uFzATYokcwCKQcghqnlfwSmM5eX/qTkvDBnDPs+gXtX/RyjxJ4DRikECcPJbyALA8FA==}

  '@connectrpc/connect@2.1.1':
    resolution: {integrity: sha512-JzhkaTvM73m2K1URT6tv53k2RwngSmCXLZJgK580qNQOXRzZRR/BCMfZw3h+90JpnG6XksP5bYT+cz0rpUzUWQ==}
    peerDependencies:
      '@bufbuild/protobuf': ^2.7.0

  jwt-decode@4.0.0:
    resolution: {integrity: sha512-+KJGIyHgkGuIq3IEBNftfhW/LfWhXUIY6OmyVWjliu5KH1y0fw7VQ8YndE2O4qZdMSd9SqbnC8GOcZEy0Om7sA==}
    engines: {node: '>=18'}

  typescript@6.0.3:
    resolution: {integrity: sha512-y2TvuxSZPDyQakkFRPZHKFm+KKVqIisdg9/CZwm9ftvKXLP8NRWj38/ODjNbr43SsoXqNuAisEf1GdCxqWcdBw==}
    engines: {node: '>=14.17'}
    hasBin: true

snapshots:

  '@bufbuild/protobuf@2.12.0': {}

  '@connectrpc/connect@2.1.1(@bufbuild/protobuf@2.12.0)':
    dependencies:
      '@bufbuild/protobuf': 2.12.0

  jwt-decode@4.0.0: {}

  typescript@6.0.3: {}
